// !$*UTF8*$!
{
	archiveVersion = 1;
	classes = {
	};
	objectVersion = 55;
	objects = {

/* Begin PBXBuildFile section */
		95D66B7E2836A96100C903A3 /* AppDelegate.swift in Sources */ = {isa = PBXBuildFile; fileRef = 95D66B7D2836A96100C903A3 /* AppDelegate.swift */; };
		95D66B802836A96100C903A3 /* SceneDelegate.swift in Sources */ = {isa = PBXBuildFile; fileRef = 95D66B7F2836A96100C903A3 /* SceneDelegate.swift */; };
		95D66B822836A96100C903A3 /* ViewController.swift in Sources */ = {isa = PBXBuildFile; fileRef = 95D66B812836A96100C903A3 /* ViewController.swift */; };
		95D66B852836A96100C903A3 /* Main.storyboard in Resources */ = {isa = PBXBuildFile; fileRef = 95D66B832836A96100C903A3 /* Main.storyboard */; };
		95D66B872836A96300C903A3 /* Assets.xcassets in Resources */ = {isa = PBXBuildFile; fileRef = 95D66B862836A96300C903A3 /* Assets.xcassets */; };
		95D66B8A2836A96300C903A3 /* LaunchScreen.storyboard in Resources */ = {isa = PBXBuildFile; fileRef = 95D66B882836A96300C903A3 /* LaunchScreen.storyboard */; };
		95D66B922836A99900C903A3 /* CollectionView+Ext.swift in Sources */ = {isa = PBXBuildFile; fileRef = 95D66B912836A99900C903A3 /* CollectionView+Ext.swift */; };
		95D66B9A2836AB6F00C903A3 /* RideOptionsCell.swift in Sources */ = {isa = PBXBuildFile; fileRef = 95D66B982836AB6F00C903A3 /* RideOptionsCell.swift */; };
		95D66B9B2836AB6F00C903A3 /* RideOptionsCell.xib in Resources */ = {isa = PBXBuildFile; fileRef = 95D66B992836AB6F00C903A3 /* RideOptionsCell.xib */; };
/* End PBXBuildFile section */

/* Begin PBXFileReference section */
		95D66B7A2836A96100C903A3 /* Collection View.app */ = {isa = PBXFileReference; explicitFileType = wrapper.application; includeInIndex = 0; path = "Collection View.app"; sourceTree = BUILT_PRODUCTS_DIR; };
		95D66B7D2836A96100C903A3 /* AppDelegate.swift */ = {isa = PBXFileReference; lastKnownFileType = sourcecode.swift; path = AppDelegate.swift; sourceTree = "<group>"; };
		95D66B7F2836A96100C903A3 /* SceneDelegate.swift */ = {isa = PBXFileReference; lastKnownFileType = sourcecode.swift; path = SceneDelegate.swift; sourceTree = "<group>"; };
		95D66B812836A96100C903A3 /* ViewController.swift */ = {isa = PBXFileReference; lastKnownFileType = sourcecode.swift; path = ViewController.swift; sourceTree = "<group>"; };
		95D66B842836A96100C903A3 /* Base */ = {isa = PBXFileReference; lastKnownFileType = file.storyboard; name = Base; path = Base.lproj/Main.storyboard; sourceTree = "<group>"; };
		95D66B862836A96300C903A3 /* Assets.xcassets */ = {isa = PBXFileReference; lastKnownFileType = folder.assetcatalog; path = Assets.xcassets; sourceTree = "<group>"; };
		95D66B892836A96300C903A3 /* Base */ = {isa = PBXFileReference; lastKnownFileType = file.storyboard; name = Base; path = Base.lproj/LaunchScreen.storyboard; sourceTree = "<group>"; };
		95D66B8B2836A96300C903A3 /* Info.plist */ = {isa = PBXFileReference; lastKnownFileType = text.plist.xml; path = Info.plist; sourceTree = "<group>"; };
		95D66B912836A99900C903A3 /* CollectionView+Ext.swift */ = {isa = PBXFileReference; lastKnownFileType = sourcecode.swift; path = "CollectionView+Ext.swift"; sourceTree = "<group>"; };
		95D66B982836AB6F00C903A3 /* RideOptionsCell.swift */ = {isa = PBXFileReference; lastKnownFileType = sourcecode.swift; path = RideOptionsCell.swift; sourceTree = "<group>"; };
		95D66B992836AB6F00C903A3 /* RideOptionsCell.xib */ = {isa = PBXFileReference; lastKnownFileType = file.xib; path = RideOptionsCell.xib; sourceTree = "<group>"; };
/* End PBXFileReference section */

/* Begin PBXFrameworksBuildPhase section */
		95D66B772836A96100C903A3 /* Frameworks */ = {
			isa = PBXFrameworksBuildPhase;
			buildActionMask = 2147483647;
			files = (
			);
			runOnlyForDeploymentPostprocessing = 0;
		};
/* End PBXFrameworksBuildPhase section */

/* Begin PBXGroup section */
		95D66B712836A96100C903A3 = {
			isa = PBXGroup;
			children = (
				95D66B7C2836A96100C903A3 /* Collection View */,
				95D66B7B2836A96100C903A3 /* Products */,
			);
			sourceTree = "<group>";
		};
		95D66B7B2836A96100C903A3 /* Products */ = {
			isa = PBXGroup;
			children = (
				95D66B7A2836A96100C903A3 /* Collection View.app */,
			);
			name = Products;
			sourceTree = "<group>";
		};
		95D66B7C2836A96100C903A3 /* Collection View */ = {
			isa = PBXGroup;
			children = (
				95D66B932836A9C900C903A3 /* CollectionViewCell */,
				95D66B7D2836A96100C903A3 /* AppDelegate.swift */,
				95D66B7F2836A96100C903A3 /* SceneDelegate.swift */,
				95D66B812836A96100C903A3 /* ViewController.swift */,
				95D66B832836A96100C903A3 /* Main.storyboard */,
				95D66B862836A96300C903A3 /* Assets.xcassets */,
				95D66B882836A96300C903A3 /* LaunchScreen.storyboard */,
				95D66B8B2836A96300C903A3 /* Info.plist */,
				95D66B912836A99900C903A3 /* CollectionView+Ext.swift */,
			);
			path = "Collection View";
			sourceTree = "<group>";
		};
		95D66B932836A9C900C903A3 /* CollectionViewCell */ = {
			isa = PBXGroup;
			children = (
				95D66B982836AB6F00C903A3 /* RideOptionsCell.swift */,
				95D66B992836AB6F00C903A3 /* RideOptionsCell.xib */,
			);
			name = CollectionViewCell;
			sourceTree = "<group>";
		};
/* End PBXGroup section */

/* Begin PBXNativeTarget section */
		95D66B792836A96100C903A3 /* Collection View */ = {
			isa = PBXNativeTarget;
			buildConfigurationList = 95D66B8E2836A96300C903A3 /* Build configuration list for PBXNativeTarget "Collection View" */;
			buildPhases = (
				95D66B762836A96100C903A3 /* Sources */,
				95D66B772836A96100C903A3 /* Frameworks */,
				95D66B782836A96100C903A3 /* Resources */,
			);
			buildRules = (
			);
			dependencies = (
			);
			name = "Collection View";
			productName = "Collection View";
			productReference = 95D66B7A2836A96100C903A3 /* Collection View.app */;
			productType = "com.apple.product-type.application";
		};
/* End PBXNativeTarget section */

/* Begin PBXProject section */
		95D66B722836A96100C903A3 /* Project object */ = {
			isa = PBXProject;
			attributes = {
				BuildIndependentTargetsInParallel = 1;
				LastSwiftUpdateCheck = 1330;
				LastUpgradeCheck = 1330;
				TargetAttributes = {
					95D66B792836A96100C903A3 = {
						CreatedOnToolsVersion = 13.3.1;
					};
				};
			};
			buildConfigurationList = 95D66B752836A96100C903A3 /* Build configuration list for PBXProject "Collection View" */;
			compatibilityVersion = "Xcode 13.0";
			developmentRegion = en;
			hasScannedForEncodings = 0;
			knownRegions = (
				en,
				Base,
			);
			mainGroup = 95D66B712836A96100C903A3;
			productRefGroup = 95D66B7B2836A96100C903A3 /* Products */;
			projectDirPath = "";
			projectRoot = "";
			targets = (
				95D66B792836A96100C903A3 /* Collection View */,
			);
		};
/* End PBXProject section */

/* Begin PBXResourcesBuildPhase section */
		95D66B782836A96100C903A3 /* Resources */ = {
			isa = PBXResourcesBuildPhase;
			buildActionMask = 2147483647;
			files = (
				95D66B9B2836AB6F00C903A3 /* RideOptionsCell.xib in Resources */,
				95D66B8A2836A96300C903A3 /* LaunchScreen.storyboard in Resources */,
				95D66B872836A96300C903A3 /* Assets.xcassets in Resources */,
				95D66B852836A96100C903A3 /* Main.storyboard in Resources */,
			);
			runOnlyForDeploymentPostprocessing = 0;
		};
/* End PBXResourcesBuildPhase section */

/* Begin PBXSourcesBuildPhase section */
		95D66B762836A96100C903A3 /* Sources */ = {
			isa = PBXSourcesBuildPhase;
			buildActionMask = 2147483647;
			files = (
				95D66B9A2836AB6F00C903A3 /* RideOptionsCell.swift in Sources */,
				95D66B822836A96100C903A3 /* ViewController.swift in Sources */,
				95D66B7E2836A96100C903A3 /* AppDelegate.swift in Sources */,
				95D66B922836A99900C903A3 /* CollectionView+Ext.swift in Sources */,
				95D66B802836A96100C903A3 /* SceneDelegate.swift in Sources */,
			);
			runOnlyForDeploymentPostprocessing = 0;
		};
/* End PBXSourcesBuildPhase section */

/* Begin PBXVariantGroup section */
		95D66B832836A96100C903A3 /* Main.storyboard */ = {
			isa = PBXVariantGroup;
			children = (
				95D66B842836A96100C903A3 /* Base */,
			);
			name = Main.storyboard;
			sourceTree = "<group>";
		};
		95D66B882836A96300C903A3 /* LaunchScreen.storyboard */ = {
			isa = PBXVariantGroup;
			children = (
				95D66B892836A96300C903A3 /* Base */,
			);
			name = LaunchScreen.storyboard;
			sourceTree = "<group>";
		};
/* End PBXVariantGroup section */

/* Begin XCBuildConfiguration section */
		95D66B8C2836A96300C903A3 /* Debug */ = {
			isa = XCBuildConfiguration;
			buildSettings = {
				ALWAYS_SEARCH_USER_PATHS = NO;
				CLANG_ANALYZER_NONNULL = YES;
				CLANG_ANALYZER_NUMBER_OBJECT_CONVERSION = YES_AGGRESSIVE;
				CLANG_CXX_LANGUAGE_STANDARD = "gnu++17";
				CLANG_ENABLE_MODULES = YES;
				CLANG_ENABLE_OBJC_ARC = YES;
				CLANG_ENABLE_OBJC_WEAK = YES;
				CLANG_WARN_BLOCK_CAPTURE_AUTORELEASING = YES;
				CLANG_WARN_BOOL_CONVERSION = YES;
				CLANG_WARN_COMMA = YES;
				CLANG_WARN_CONSTANT_CONVERSION = YES;
				CLANG_WARN_DEPRECATED_OBJC_IMPLEMENTATIONS = YES;
				CLANG_WARN_DIRECT_OBJC_ISA_USAGE = YES_ERROR;
				CLANG_WARN_DOCUMENTATION_COMMENTS = YES;
				CLANG_WARN_EMPTY_BODY = YES;
				CLANG_WARN_ENUM_CONVERSION = YES;
				CLANG_WARN_INFINITE_RECURSION = YES;
				CLANG_WARN_INT_CONVERSION = YES;
				CLANG_WARN_NON_LITERAL_NULL_CONVERSION = YES;
				CLANG_WARN_OBJC_IMPLICIT_RETAIN_SELF = YES;
				CLANG_WARN_OBJC_LITERAL_CONVERSION = YES;
				CLANG_WARN_OBJC_ROOT_CLASS = YES_ERROR;
				CLANG_WARN_QUOTED_INCLUDE_IN_FRAMEWORK_HEADER = YES;
				CLANG_WARN_RANGE_LOOP_ANALYSIS = YES;
				CLANG_WARN_STRICT_PROTOTYPES = YES;
				CLANG_WARN_SUSPICIOUS_MOVE = YES;
				CLANG_WARN_UNGUARDED_AVAILABILITY = YES_AGGRESSIVE;
				CLANG_WARN_UNREACHABLE_CODE = YES;
				CLANG_WARN__DUPLICATE_METHOD_MATCH = YES;
				COPY_PHASE_STRIP = NO;
				DEBUG_INFORMATION_FORMAT = dwarf;
				ENABLE_STRICT_OBJC_MSGSEND = YES;
				ENABLE_TESTABILITY = YES;
				GCC_C_LANGUAGE_STANDARD = gnu11;
				GCC_DYNAMIC_NO_PIC = NO;
				GCC_NO_COMMON_BLOCKS = YES;
				GCC_OPTIMIZATION_LEVEL = 0;
				GCC_PREPROCESSOR_DEFINITIONS = (
					"DEBUG=1",
					"$(inherited)",
				);
				GCC_WARN_64_TO_32_BIT_CONVERSION = YES;
				GCC_WARN_ABOUT_RETURN_TYPE = YES_ERROR;
				GCC_WARN_UNDECLARED_SELECTOR = YES;
				GCC_WARN_UNINITIALIZED_AUTOS = YES_AGGRESSIVE;
				GCC_WARN_UNUSED_FUNCTION = YES;
				GCC_WARN_UNUSED_VARIABLE = YES;
				IPHONEOS_DEPLOYMENT_TARGET = 15.4;
				MTL_ENABLE_DEBUG_INFO = INCLUDE_SOURCE;
				MTL_FAST_MATH = YES;
				ONLY_ACTIVE_ARCH = YES;
				SDKROOT = iphoneos;
				SWIFT_ACTIVE_COMPILATION_CONDITIONS = DEBUG;
				SWIFT_OPTIMIZATION_LEVEL = "-Onone";
			};
			name = Debug;
		};
		95D66B8D2836A96300C903A3 /* Release */ = {
			isa = XCBuildConfiguration;
			buildSettings = {
				ALWAYS_SEARCH_USER_PATHS = NO;
				CLANG_ANALYZER_NONNULL = YES;
				CLANG_ANALYZER_NUMBER_OBJECT_CONVERSION = YES_AGGRESSIVE;
				CLANG_CXX_LANGUAGE_STANDARD = "gnu++17";
				CLANG_ENABLE_MODULES = YES;
				CLANG_ENABLE_OBJC_ARC = YES;
				CLANG_ENABLE_OBJC_WEAK = YES;
				CLANG_WARN_BLOCK_CAPTURE_AUTORELEASING = YES;
				CLANG_WARN_BOOL_CONVERSION = YES;
				CLANG_WARN_COMMA = YES;
				CLANG_WARN_CONSTANT_CONVERSION = YES;
				CLANG_WARN_DEPRECATED_OBJC_IMPLEMENTATIONS = YES;
				CLANG_WARN_DIRECT_OBJC_ISA_USAGE = YES_ERROR;
				CLANG_WARN_DOCUMENTATION_COMMENTS = YES;
				CLANG_WARN_EMPTY_BODY = YES;
				CLANG_WARN_ENUM_CONVERSION = YES;
				CLANG_WARN_INFINITE_RECURSION = YES;
				CLANG_WARN_INT_CONVERSION = YES;
				CLANG_WARN_NON_LITERAL_NULL_CONVERSION = YES;
				CLANG_WARN_OBJC_IMPLICIT_RETAIN_SELF = YES;
				CLANG_WARN_OBJC_LITERAL_CONVERSION = YES;
				CLANG_WARN_OBJC_ROOT_CLASS = YES_ERROR;
				CLANG_WARN_QUOTED_INCLUDE_IN_FRAMEWORK_HEADER = YES;
				CLANG_WARN_RANGE_LOOP_ANALYSIS = YES;
				CLANG_WARN_STRICT_PROTOTYPES = YES;
				CLANG_WARN_SUSPICIOUS_MOVE = YES;
				CLANG_WARN_UNGUARDED_AVAILABILITY = YES_AGGRESSIVE;
				CLANG_WARN_UNREACHABLE_CODE = YES;
				CLANG_WARN__DUPLICATE_METHOD_MATCH = YES;
				COPY_PHASE_STRIP = NO;
				DEBUG_INFORMATION_FORMAT = "dwarf-with-dsym";
				ENABLE_NS_ASSERTIONS = NO;
				ENABLE_STRICT_OBJC_MSGSEND = YES;
				GCC_C_LANGUAGE_STANDARD = gnu11;
				GCC_NO_COMMON_BLOCKS = YES;
				GCC_WARN_64_TO_32_BIT_CONVERSION = YES;
				GCC_WARN_ABOUT_RETURN_TYPE = YES_ERROR;
				GCC_WARN_UNDECLARED_SELECTOR = YES;
				GCC_WARN_UNINITIALIZED_AUTOS = YES_AGGRESSIVE;
				GCC_WARN_UNUSED_FUNCTION = YES;
				GCC_WARN_UNUSED_VARIABLE = YES;
				IPHONEOS_DEPLOYMENT_TARGET = 15.4;
				MTL_ENABLE_DEBUG_INFO = NO;
				MTL_FAST_MATH = YES;
				SDKROOT = iphoneos;
				SWIFT_COMPILATION_MODE = wholemodule;
				SWIFT_OPTIMIZATION_LEVEL = "-O";
				VALIDATE_PRODUCT = YES;
			};
			name = Release;
		};
		95D66B8F2836A96300C903A3 /* Debug */ = {
			isa = XCBuildConfiguration;
			buildSettings = {
				ASSETCATALOG_COMPILER_APPICON_NAME = AppIcon;
				ASSETCATALOG_COMPILER_GLOBAL_ACCENT_COLOR_NAME = AccentColor;
				CODE_SIGN_STYLE = Automatic;
				CURRENT_PROJECT_VERSION = 1;
				DEVELOPMENT_TEAM = WV3DL6QLG2;
				GENERATE_INFOPLIST_FILE = YES;
				INFOPLIST_FILE = "Collection View/Info.plist";
				INFOPLIST_KEY_UIApplicationSupportsIndirectInputEvents = YES;
				INFOPLIST_KEY_UILaunchStoryboardName = LaunchScreen;
				INFOPLIST_KEY_UIMainStoryboardFile = Main;
				INFOPLIST_KEY_UISupportedInterfaceOrientations_iPad = "UIInterfaceOrientationPortrait UIInterfaceOrientationPortraitUpsideDown UIInterfaceOrientationLandscapeLeft UIInterfaceOrientationLandscapeRight";
				INFOPLIST_KEY_UISupportedInterfaceOrientations_iPhone = "UIInterfaceOrientationPortrait UIInterfaceOrientationLandscapeLeft UIInterfaceOrientationLandscapeRight";
				LD_RUNPATH_SEARCH_PATHS = (
					"$(inherited)",
					"@executable_path/Frameworks",
				);
				MARKETING_VERSION = 1.0;
				PRODUCT_BUNDLE_IDENTIFIER = "com.demo.app.Collection-View";
				PRODUCT_NAME = "$(TARGET_NAME)";
				SWIFT_EMIT_LOC_STRINGS = YES;
				SWIFT_VERSION = 5.0;
				TARGETED_DEVICE_FAMILY = "1,2";
			};
			name = Debug;
		};
		95D66B902836A96300C903A3 /* Release */ = {
			isa = XCBuildConfiguration;
			buildSettings = {
				ASSETCATALOG_COMPILER_APPICON_NAME = AppIcon;
				ASSETCATALOG_COMPILER_GLOBAL_ACCENT_COLOR_NAME = AccentColor;
				CODE_SIGN_STYLE = Automatic;
				CURRENT_PROJECT_VERSION = 1;
				DEVELOPMENT_TEAM = WV3DL6QLG2;
				GENERATE_INFOPLIST_FILE = YES;
				INFOPLIST_FILE = "Collection View/Info.plist";
				INFOPLIST_KEY_UIApplicationSupportsIndirectInputEvents = YES;
				INFOPLIST_KEY_UILaunchStoryboardName = LaunchScreen;
				INFOPLIST_KEY_UIMainStoryboardFile = Main;
				INFOPLIST_KEY_UISupportedInterfaceOrientations_iPad = "UIInterfaceOrientationPortrait UIInterfaceOrientationPortraitUpsideDown UIInterfaceOrientationLandscapeLeft UIInterfaceOrientationLandscapeRight";
				INFOPLIST_KEY_UISupportedInterfaceOrientations_iPhone = "UIInterfaceOrientationPortrait UIInterfaceOrientationLandscapeLeft UIInterfaceOrientationLandscapeRight";
				LD_RUNPATH_SEARCH_PATHS = (
					"$(inherited)",
					"@executable_path/Frameworks",
				);
				MARKETING_VERSION = 1.0;
				PRODUCT_BUNDLE_IDENTIFIER = "com.demo.app.Collection-View";
				PRODUCT_NAME = "$(TARGET_NAME)";
				SWIFT_EMIT_LOC_STRINGS = YES;
				SWIFT_VERSION = 5.0;
				TARGETED_DEVICE_FAMILY = "1,2";
			};
			name = Release;
		};
/* End XCBuildConfiguration section */

/* Begin XCConfigurationList section */
		95D66B752836A96100C903A3 /* Build configuration list for PBXProject "Collection View" */ = {
			isa = XCConfigurationList;
			buildConfigurations = (
				95D66B8C2836A96300C903A3 /* Debug */,
				95D66B8D2836A96300C903A3 /* Release */,
			);
			defaultConfigurationIsVisible = 0;
			defaultConfigurationName = Release;
		};
		95D66B8E2836A96300C903A3 /* Build configuration list for PBXNativeTarget "Collection View" */ = {
			isa = XCConfigurationList;
			buildConfigurations = (
				95D66B8F2836A96300C903A3 /* Debug */,
				95D66B902836A96300C903A3 /* Release */,
			);
			defaultConfigurationIsVisible = 0;
			defaultConfigurationName = Release;
		};
/* End XCConfigurationList section */
	};
	rootObject = 95D66B722836A96100C903A3 /* Project object */;
}
